<?xml version="1.0" encoding="utf-8"?>
<Project ToolsVersion="4.0" xmlns="http://schemas.microsoft.com/developer/msbuild/2003">
  <ItemGroup>
    <Filter Include="소스 파일">
      <UniqueIdentifier>{4FC737F1-C7A5-4376-A066-2A32D752A2FF}</UniqueIdentifier>
      <Extensions>cpp;c;cc;cxx;def;odl;idl;hpj;bat;asm;asmx</Extensions>
    </Filter>
    <Filter Include="헤더 파일">
      <UniqueIdentifier>{93995380-89BD-4b04-88EB-625FBE52EBFB}</UniqueIdentifier>
      <Extensions>h;hh;hpp;hxx;hm;inl;inc;xsd</Extensions>
    </Filter>
    <Filter Include="리소스 파일">
      <UniqueIdentifier>{67DA6AB6-F800-4c08-8B7A-83BB121AAD01}</UniqueIdentifier>
      <Extensions>rc;ico;cur;bmp;dlg;rc2;rct;bin;rgs;gif;jpg;jpeg;jpe;resx;tiff;tif;png;wav;mfcribbon-ms</Extensions>
    </Filter>
    <Filter Include="소스 파일\Tutorial">
      <UniqueIdentifier>{7ce034aa-672d-412b-adcd-32f4856b7f02}</UniqueIdentifier>
    </Filter>
    <Filter Include="소스 파일\Leetcode">
      <UniqueIdentifier>{8c147957-9289-4bee-af14-90f8b3ad8e77}</UniqueIdentifier>
    </Filter>
  </ItemGroup>
  <ItemGroup>
    <ClCompile Include="Algospot.cpp">
      <Filter>소스 파일\Tutorial</Filter>
    </ClCompile>
    <ClCompile Include="Convert.cpp">
      <Filter>소스 파일\Tutorial</Filter>
    </ClCompile>
    <ClCompile Include="DrawRect.cpp">
      <Filter>소스 파일\Tutorial</Filter>
    </ClCompile>
    <ClCompile Include="Encrypt.cpp">
      <Filter>소스 파일\Tutorial</Filter>
    </ClCompile>
    <ClCompile Include="Lecture.cpp">
      <Filter>소스 파일\Tutorial</Filter>
    </ClCompile>
    <ClCompile Include="Mispell.cpp">
      <Filter>소스 파일\Tutorial</Filter>
    </ClCompile>
    <ClCompile Include="Mordor.cpp">
      <Filter>소스 파일\Tutorial</Filter>
    </ClCompile>
    <ClCompile Include="Rect.cpp">
      <Filter>소스 파일\Tutorial</Filter>
    </ClCompile>
    <ClCompile Include="XHAENEUNG.cpp">
      <Filter>소스 파일\Tutorial</Filter>
    </ClCompile>
    <ClCompile Include="HotSummer.cpp">
      <Filter>소스 파일\Tutorial</Filter>
    </ClCompile>
    <ClCompile Include="URI.cpp">
      <Filter>소스 파일\Tutorial</Filter>
    </ClCompile>
    <ClCompile Include="Weird.cpp">
      <Filter>소스 파일\Tutorial</Filter>
    </ClCompile>
    <ClCompile Include="WEEKLY_CALENDAR.cpp">
      <Filter>소스 파일\Tutorial</Filter>
    </ClCompile>
    <ClCompile Include="BRACKETS2.cpp">
      <Filter>소스 파일\Tutorial</Filter>
    </ClCompile>
    <ClCompile Include="TwoSum.cpp">
      <Filter>소스 파일\Leetcode</Filter>
    </ClCompile>
    <ClCompile Include="AddTwoNumbers.cpp">
      <Filter>소스 파일\Leetcode</Filter>
    </ClCompile>
    <ClCompile Include="LongestSubStringWithoutRepeatingCharacters.cpp">
      <Filter>소스 파일\Leetcode</Filter>
    </ClCompile>
    <ClCompile Include="HammingDistance.cpp">
      <Filter>소스 파일\Leetcode</Filter>
    </ClCompile>
    <ClCompile Include="DistributeCandies.cpp">
      <Filter>소스 파일\Leetcode</Filter>
    </ClCompile>
    <ClCompile Include="ReverseWordsInAString.cpp">
      <Filter>소스 파일\Leetcode</Filter>
    </ClCompile>
    <ClCompile Include="KeyboardRow.cpp">
      <Filter>소스 파일\Leetcode</Filter>
    </ClCompile>
    <ClCompile Include="FizzBuzz.cpp">
      <Filter>소스 파일\Leetcode</Filter>
    </ClCompile>
    <ClCompile Include="ReverseString.cpp">
      <Filter>소스 파일\Leetcode</Filter>
    </ClCompile>
    <ClCompile Include="NextGeneratorElement.cpp">
      <Filter>소스 파일\Leetcode</Filter>
    </ClCompile>
    <ClCompile Include="IslandPerimeter.cpp">
      <Filter>소스 파일\Leetcode</Filter>
    </ClCompile>
    <ClCompile Include="NimGame.cpp">
      <Filter>소스 파일\Leetcode</Filter>
    </ClCompile>
    <ClCompile Include="MaxConsecutiveOnes.cpp">
      <Filter>소스 파일\Leetcode</Filter>
    </ClCompile>
    <ClCompile Include="SingleNumber.cpp">
      <Filter>소스 파일\Leetcode</Filter>
    </ClCompile>
    <ClCompile Include="DetectCapital.cpp">
      <Filter>소스 파일\Leetcode</Filter>
    </ClCompile>
    <ClCompile Include="FindAllNumbersDisappearedInAnArray.cpp">
      <Filter>소스 파일\Leetcode</Filter>
    </ClCompile>
    <ClCompile Include="MaximumDepthofBinaryTree.cpp">
      <Filter>소스 파일\Leetcode</Filter>
    </ClCompile>
    <ClCompile Include="FindTheDifference.cpp">
      <Filter>소스 파일\Leetcode</Filter>
    </ClCompile>
    <ClCompile Include="SumOfTwoIntegers.cpp">
      <Filter>소스 파일\Leetcode</Filter>
    </ClCompile>
    <ClCompile Include="AddDigits.cpp">
      <Filter>소스 파일\Leetcode</Filter>
    </ClCompile>
    <ClCompile Include="MoveZeros.cpp">
      <Filter>소스 파일\Leetcode</Filter>
    </ClCompile>
    <ClCompile Include="ConstructTheRectangle.cpp">
      <Filter>소스 파일\Leetcode</Filter>
    </ClCompile>
    <ClCompile Include="AssignCookies.cpp">
      <Filter>소스 파일\Leetcode</Filter>
    </ClCompile>
    <ClCompile Include="MinimumMovesToEqualArrayElements.cpp">
      <Filter>소스 파일\Leetcode</Filter>
    </ClCompile>
    <ClCompile Include="RelativeRanks.cpp">
      <Filter>소스 파일\Leetcode</Filter>
    </ClCompile>
  </ItemGroup>
</Project>